{
  "version": 4,
  "terraform_version": "1.10.5",
  "serial": 8,
  "lineage": "fc7f9c74-de06-5670-f14c-864ab9f8037c",
  "outputs": {
    "instance_ip": {
      "value": "34.101.153.140",
      "type": "string"
    }
  },
  "resources": [
    {
      "mode": "managed",
      "type": "google_compute_firewall",
      "name": "default",
      "provider": "provider[\"registry.terraform.io/hashicorp/google\"]",
      "instances": [
        {
          "schema_version": 1,
          "attributes": {
            "allow": [
              {
                "ports": [
                  "80",
                  "443",
                  "22"
                ],
                "protocol": "tcp"
              }
            ],
            "creation_timestamp": "2025-04-10T01:58:18.289-07:00",
            "deny": [],
            "description": "",
            "destination_ranges": [],
            "direction": "INGRESS",
            "disabled": false,
            "enable_logging": null,
            "id": "projects/ta-rikza-deployment/global/firewalls/default-allow-http-https-ssh",
            "log_config": [],
            "name": "default-allow-http-https-ssh",
            "network": "https://www.googleapis.com/compute/v1/projects/ta-rikza-deployment/global/networks/my-vpc-network",
            "priority": 1000,
            "project": "ta-rikza-deployment",
            "self_link": "https://www.googleapis.com/compute/v1/projects/ta-rikza-deployment/global/firewalls/default-allow-http-https-ssh",
            "source_ranges": [
              "0.0.0.0/0"
            ],
            "source_service_accounts": null,
            "source_tags": null,
            "target_service_accounts": null,
            "target_tags": null,
            "timeouts": null
          },
          "sensitive_attributes": [],
          "private": "eyJlMmJmYjczMC1lY2FhLTExZTYtOGY4OC0zNDM2M2JjN2M0YzAiOnsiY3JlYXRlIjoxMjAwMDAwMDAwMDAwLCJkZWxldGUiOjEyMDAwMDAwMDAwMDAsInVwZGF0ZSI6MTIwMDAwMDAwMDAwMH0sInNjaGVtYV92ZXJzaW9uIjoiMSJ9",
          "dependencies": [
            "google_compute_network.vpc_network"
          ]
        }
      ]
    },
    {
      "mode": "managed",
      "type": "google_compute_instance",
      "name": "default",
      "provider": "provider[\"registry.terraform.io/hashicorp/google\"]",
      "instances": [
        {
          "schema_version": 6,
          "attributes": {
            "advanced_machine_features": [],
            "allow_stopping_for_update": null,
            "attached_disk": [],
            "boot_disk": [
              {
                "auto_delete": true,
                "device_name": "persistent-disk-0",
                "disk_encryption_key_raw": "",
                "disk_encryption_key_rsa": "",
                "disk_encryption_key_sha256": "",
                "disk_encryption_service_account": "",
                "guest_os_features": [
                  "VIRTIO_SCSI_MULTIQUEUE",
                  "SEV_CAPABLE",
                  "SEV_SNP_CAPABLE",
                  "SEV_LIVE_MIGRATABLE",
                  "SEV_LIVE_MIGRATABLE_V2",
                  "IDPF",
                  "UEFI_COMPATIBLE",
                  "GVNIC"
                ],
                "initialize_params": [
                  {
                    "architecture": "X86_64",
                    "enable_confidential_compute": false,
                    "image": "https://www.googleapis.com/compute/v1/projects/ubuntu-os-cloud/global/images/ubuntu-2004-focal-v20240519",
                    "labels": {},
                    "provisioned_iops": 0,
                    "provisioned_throughput": 0,
                    "resource_manager_tags": null,
                    "resource_policies": [],
                    "size": 10,
                    "snapshot": "",
                    "source_image_encryption_key": [],
                    "source_snapshot_encryption_key": [],
                    "storage_pool": "",
                    "type": "pd-standard"
                  }
                ],
                "interface": "",
                "kms_key_self_link": "",
                "mode": "READ_WRITE",
                "source": "https://www.googleapis.com/compute/v1/projects/ta-rikza-deployment/zones/asia-southeast2-a/disks/amanah-instance-gcp"
              }
            ],
            "can_ip_forward": false,
            "confidential_instance_config": [],
            "cpu_platform": "AMD Rome",
            "creation_timestamp": "2025-04-10T01:58:19.711-07:00",
            "current_status": "RUNNING",
            "deletion_protection": false,
            "description": "",
            "desired_status": null,
            "effective_labels": {
              "goog-terraform-provisioned": "true"
            },
            "enable_display": false,
            "guest_accelerator": [],
            "hostname": "",
            "id": "projects/ta-rikza-deployment/zones/asia-southeast2-a/instances/amanah-instance-gcp",
            "instance_encryption_key": [],
            "instance_id": "8983040680991012548",
            "key_revocation_action_type": "",
            "label_fingerprint": "vezUS-42LLM=",
            "labels": null,
            "machine_type": "e2-small",
            "metadata": {
              "ssh-keys": "rikza:ssh-rsa AAAAB3NzaC1yc2EAAAADAQABAAACAQDTEmsv9NfX7vuTUSjRFVpLS4tMQDieZfwGEt/NnfD8PcNintXHHTUJ5oMOwjMoXKtUBbKiGf3oVR0kTVYlsaJyp7SPXGB9lp2PGJG8gXufZMvUXF0YZovkqhqMCBBy0bdjRj7MvoyudEDbxWeTi9YS416Nei7M0JttAHox5qO1m04Q7Pf5ucdYQN8GzXRn/edSowo6SxQ9QBh/AeynGubBjUokAeoLYwQPBZa/nIdoJIjzwmw4kYy3kbyaBxb/w6sVurrJ/32fW6lN46S8SVOfErBcL+SWYYxyt9tPrJj/GS23J7TPH7CuOoSU6/6UOHmmw+/6kTu/Ep3OwmFAFO05vGzuE8ZLSeNyKlc5HUpqoWYQ/bjIie1OprRIU2FOkF3KDjxgyOgNDZVxdH0RJfl04DqugPTCD2HbosU34BtovebrxuN++SOz4dot4p2vq4OQE1rkx+rm5Dddzn4owtLrqF1VHs4p68pelHnt+HXqo4A5KD8SAyhVhCArgJXAlrlU0zswhPMPlTMfc4p0Uh29X3rZ4/qklduF0D8NkXmPL2i+ozqESuGSP0uDi9uI8dSOzA5GKua1944jE/2M+8yFvWcN5DewjxJLJrbVty4ts/djb9K14Z/ZLHFzHzNBEG7rWJd50kB9uaxH/mRLrRa7Zz4N9KLWbpkufKHGwan5fQ== rikza.kurnia@ui.ac.id\n"
            },
            "metadata_fingerprint": "hI9ZBpOjLA8=",
            "metadata_startup_script": null,
            "min_cpu_platform": "",
            "name": "amanah-instance-gcp",
            "network_interface": [
              {
                "access_config": [
                  {
                    "nat_ip": "34.101.153.140",
                    "network_tier": "PREMIUM",
                    "public_ptr_domain_name": ""
                  }
                ],
                "alias_ip_range": [],
                "internal_ipv6_prefix_length": 0,
                "ipv6_access_config": [],
                "ipv6_access_type": "",
                "ipv6_address": "",
                "name": "nic0",
                "network": "https://www.googleapis.com/compute/v1/projects/ta-rikza-deployment/global/networks/my-vpc-network",
                "network_attachment": "",
                "network_ip": "10.184.0.2",
                "nic_type": "",
                "queue_count": 0,
                "stack_type": "IPV4_ONLY",
                "subnetwork": "https://www.googleapis.com/compute/v1/projects/ta-rikza-deployment/regions/asia-southeast2/subnetworks/my-vpc-network",
                "subnetwork_project": "ta-rikza-deployment"
              }
            ],
            "network_performance_config": [],
            "params": [],
            "project": "ta-rikza-deployment",
            "reservation_affinity": [],
            "resource_policies": null,
            "scheduling": [
              {
                "automatic_restart": true,
                "availability_domain": 0,
                "instance_termination_action": "",
                "local_ssd_recovery_timeout": [],
                "max_run_duration": [],
                "min_node_cpus": 0,
                "node_affinities": [],
                "on_host_maintenance": "MIGRATE",
                "on_instance_stop_action": [],
                "preemptible": false,
                "provisioning_model": "STANDARD",
                "termination_time": ""
              }
            ],
            "scratch_disk": [],
            "self_link": "https://www.googleapis.com/compute/v1/projects/ta-rikza-deployment/zones/asia-southeast2-a/instances/amanah-instance-gcp",
            "service_account": [],
            "shielded_instance_config": [
              {
                "enable_integrity_monitoring": true,
                "enable_secure_boot": false,
                "enable_vtpm": true
              }
            ],
            "tags": [
              "http-server",
              "https-server",
              "ssh-server"
            ],
            "tags_fingerprint": "nBrWn2vdQv8=",
            "terraform_labels": {
              "goog-terraform-provisioned": "true"
            },
            "timeouts": null,
            "zone": "asia-southeast2-a"
          },
          "sensitive_attributes": [
            [
              {
                "type": "get_attr",
                "value": "boot_disk"
              },
              {
                "type": "index",
                "value": {
                  "value": 0,
                  "type": "number"
                }
              },
              {
                "type": "get_attr",
                "value": "disk_encryption_key_raw"
              }
            ],
            [
              {
                "type": "get_attr",
                "value": "boot_disk"
              },
              {
                "type": "index",
                "value": {
                  "value": 0,
                  "type": "number"
                }
              },
              {
                "type": "get_attr",
                "value": "disk_encryption_key_rsa"
              }
            ]
          ],
          "private": "eyJlMmJmYjczMC1lY2FhLTExZTYtOGY4OC0zNDM2M2JjN2M0YzAiOnsiY3JlYXRlIjoxMjAwMDAwMDAwMDAwLCJkZWxldGUiOjEyMDAwMDAwMDAwMDAsInVwZGF0ZSI6MTIwMDAwMDAwMDAwMH0sInNjaGVtYV92ZXJzaW9uIjoiNiJ9",
          "dependencies": [
            "google_compute_network.vpc_network"
          ]
        }
      ]
    },
    {
      "mode": "managed",
      "type": "google_compute_network",
      "name": "vpc_network",
      "provider": "provider[\"registry.terraform.io/hashicorp/google\"]",
      "instances": [
        {
          "schema_version": 0,
          "attributes": {
            "auto_create_subnetworks": true,
            "bgp_always_compare_med": false,
            "bgp_best_path_selection_mode": "LEGACY",
            "bgp_inter_region_cost": "",
            "delete_default_routes_on_create": false,
            "description": "",
            "enable_ula_internal_ipv6": false,
            "gateway_ipv4": "",
            "id": "projects/ta-rikza-deployment/global/networks/my-vpc-network",
            "internal_ipv6_range": "",
            "mtu": 0,
            "name": "my-vpc-network",
            "network_firewall_policy_enforcement_order": "AFTER_CLASSIC_FIREWALL",
            "network_id": "8257928713981278484",
            "network_profile": "",
            "numeric_id": "8257928713981278484",
            "project": "ta-rikza-deployment",
            "routing_mode": "REGIONAL",
            "self_link": "https://www.googleapis.com/compute/v1/projects/ta-rikza-deployment/global/networks/my-vpc-network",
            "timeouts": null
          },
          "sensitive_attributes": [],
          "private": "eyJlMmJmYjczMC1lY2FhLTExZTYtOGY4OC0zNDM2M2JjN2M0YzAiOnsiY3JlYXRlIjoxMjAwMDAwMDAwMDAwLCJkZWxldGUiOjEyMDAwMDAwMDAwMDAsInVwZGF0ZSI6MTIwMDAwMDAwMDAwMH19"
        }
      ]
    }
  ],
  "check_results": null
}
